
Microsoft Visual Studio Solution File, Format Version 12.00
# Visual Studio Version 17
VisualStudioVersion = 17.13.35919.96 d17.13
MinimumVisualStudioVersion = 10.0.40219.1
Project("{FAE04EC0-301F-11D3-BF4B-00C04F79EFBC}") = "self-sacrifice", "self-sacrifice.csproj", "{AE45A597-8FB9-40E6-99B2-7864179FB0C1}"
EndProject
Global
	GlobalSection(SolutionConfigurationPlatforms) = preSolution
		Debug|Any CPU = Debug|Any CPU
		Release|Any CPU = Release|Any CPU
	EndGlobalSection
	GlobalSection(ProjectConfigurationPlatforms) = postSolution
		{AE45A597-8FB9-40E6-99B2-7864179FB0C1}.Debug|Any CPU.ActiveCfg = Debug|Any CPU
		{AE45A597-8FB9-40E6-99B2-7864179FB0C1}.Debug|Any CPU.Build.0 = Debug|Any CPU
		{AE45A597-8FB9-40E6-99B2-7864179FB0C1}.Release|Any CPU.ActiveCfg = Release|Any CPU
		{AE45A597-8FB9-40E6-99B2-7864179FB0C1}.Release|Any CPU.Build.0 = Release|Any CPU
	EndGlobalSection
	GlobalSection(SolutionProperties) = preSolution
		HideSolutionNode = FALSE
	EndGlobalSection
	GlobalSection(ExtensibilityGlobals) = postSolution
		SolutionGuid = {0F8057C9-FCC8-4EBE-B2C5-388575CD1E06}
	EndGlobalSection
EndGlobal
